
Microsoft Visual Studio Solution File, Format Version 12.00
# Visual Studio Version 17
VisualStudioVersion = 17.14.36616.10 d17.14
MinimumVisualStudioVersion = 10.0.40219.1
Project("{FAE04EC0-301F-11D3-BF4B-00C04F79EFBC}") = "PomoProject", "PomoProject\PomoProject.csproj", "{84309634-C5AC-44CC-AF4B-32AFB286058D}"
EndProject
Global
	GlobalSection(SolutionConfigurationPlatforms) = preSolution
		Debug|Any CPU = Debug|Any CPU
		Release|Any CPU = Release|Any CPU
	EndGlobalSection
	GlobalSection(ProjectConfigurationPlatforms) = postSolution
		{84309634-C5AC-44CC-AF4B-32AFB286058D}.Debug|Any CPU.ActiveCfg = Debug|Any CPU
		{84309634-C5AC-44CC-AF4B-32AFB286058D}.Debug|Any CPU.Build.0 = Debug|Any CPU
		{84309634-C5AC-44CC-AF4B-32AFB286058D}.Release|Any CPU.ActiveCfg = Release|Any CPU
		{84309634-C5AC-44CC-AF4B-32AFB286058D}.Release|Any CPU.Build.0 = Release|Any CPU
	EndGlobalSection
	GlobalSection(SolutionProperties) = preSolution
		HideSolutionNode = FALSE
	EndGlobalSection
	GlobalSection(ExtensibilityGlobals) = postSolution
		SolutionGuid = {D9D63D03-E6D5-4EED-859A-3AA33B5E35EC}
	EndGlobalSection
EndGlobal
